// !$*UTF8*$!
{
	archiveVersion = 1;
	classes = {
	};
	objectVersion = 56;
	objects = {

/* Begin PBXBuildFile section */
		0A19C3A02D8C69260042E5F0 /* AppDelegate.swift in Sources */ = {isa = PBXBuildFile; fileRef = 0A19C39F2D8C69260042E5F0 /* AppDelegate.swift */; };
		0A19C3A22D8C69260042E5F0 /* SceneDelegate.swift in Sources */ = {isa = PBXBuildFile; fileRef = 0A19C3A12D8C69260042E5F0 /* SceneDelegate.swift */; };
		0A19C3A72D8C69260042E5F0 /* Base in Resources */ = {isa = PBXBuildFile; fileRef = 0A19C3A62D8C69260042E5F0 /* Base */; };
		0A19C3A92D8C69270042E5F0 /* Assets.xcassets in Resources */ = {isa = PBXBuildFile; fileRef = 0A19C3A82D8C69270042E5F0 /* Assets.xcassets */; };
		0A19C3AC2D8C69270042E5F0 /* Base in Resources */ = {isa = PBXBuildFile; fileRef = 0A19C3AB2D8C69270042E5F0 /* Base */; };
		0A19C3B82D8C6C570042E5F0 /* Card.swift in Sources */ = {isa = PBXBuildFile; fileRef = 0A19C3B72D8C6C570042E5F0 /* Card.swift */; };
		0A8A152C2DA56039009B57A8 /* OwnedCardViewCell.xib in Resources */ = {isa = PBXBuildFile; fileRef = 0A8A152A2DA56039009B57A8 /* OwnedCardViewCell.xib */; };
		0A8A152D2DA56039009B57A8 /* OwnedCardViewCell.swift in Sources */ = {isa = PBXBuildFile; fileRef = 0A8A152B2DA56039009B57A8 /* OwnedCardViewCell.swift */; };
		0A8A15332DA560A8009B57A8 /* ChooseEquipmentCollectionViewController.swift in Sources */ = {isa = PBXBuildFile; fileRef = 0A8A15322DA560A8009B57A8 /* ChooseEquipmentCollectionViewController.swift */; };
		0AE439E82D9581150005936C /* CardDecorator.swift in Sources */ = {isa = PBXBuildFile; fileRef = 0AE439E72D9581150005936C /* CardDecorator.swift */; };
		0AE439EA2D9587400005936C /* Application.swift in Sources */ = {isa = PBXBuildFile; fileRef = 0AE439E92D9587400005936C /* Application.swift */; };
		0AE439F82D9594CC0005936C /* OwnedCardsCollectionViewController.swift in Sources */ = {isa = PBXBuildFile; fileRef = 0AE439F72D9594CC0005936C /* OwnedCardsCollectionViewController.swift */; };
		0AE65B832D9BE1E000414A1E /* BoosterViewController.swift in Sources */ = {isa = PBXBuildFile; fileRef = 0AE65B822D9BE1E000414A1E /* BoosterViewController.swift */; };
		0AE65B852D9BED4100414A1E /* BoosterResultViewController.swift in Sources */ = {isa = PBXBuildFile; fileRef = 0AE65B842D9BED4100414A1E /* BoosterResultViewController.swift */; };
		0AE65B882D9BF35D00414A1E /* CardViewCell.swift in Sources */ = {isa = PBXBuildFile; fileRef = 0AE65B862D9BF35D00414A1E /* CardViewCell.swift */; };
		0AE65B892D9BF35D00414A1E /* CardViewCell.xib in Resources */ = {isa = PBXBuildFile; fileRef = 0AE65B872D9BF35D00414A1E /* CardViewCell.xib */; };
		2D6B87862D9409EC001CEABC /* UICard.swift in Sources */ = {isa = PBXBuildFile; fileRef = 2D6B87852D9409EC001CEABC /* UICard.swift */; };
		2D6B87882D9409FE001CEABC /* UICard.xib in Resources */ = {isa = PBXBuildFile; fileRef = 2D6B87872D9409FE001CEABC /* UICard.xib */; };
		2DBDE18E2D9C0FAA00883FA2 /* InFightViewController.swift in Sources */ = {isa = PBXBuildFile; fileRef = 2DBDE18D2D9C0FAA00883FA2 /* InFightViewController.swift */; };
		2DBDE1902D9C10BE00883FA2 /* EnemyDTO.swift in Sources */ = {isa = PBXBuildFile; fileRef = 2DBDE18F2D9C10BE00883FA2 /* EnemyDTO.swift */; };
		993363782D9180AA00C25DB1 /* ICardRepository.swift in Sources */ = {isa = PBXBuildFile; fileRef = 993363752D9180AA00C25DB1 /* ICardRepository.swift */; };
		993363792D9180AA00C25DB1 /* IRepository.swift in Sources */ = {isa = PBXBuildFile; fileRef = 993363762D9180AA00C25DB1 /* IRepository.swift */; };
		9933637F2D91833E00C25DB1 /* JsonCardRepository.swift in Sources */ = {isa = PBXBuildFile; fileRef = 9933637C2D91833E00C25DB1 /* JsonCardRepository.swift */; };
		99AB4E502D91917D002D76DA /* CardService.swift in Sources */ = {isa = PBXBuildFile; fileRef = 99AB4E4F2D919173002D76DA /* CardService.swift */; };
		99AB4E552D91A9E4002D76DA /* data.bundle in Resources */ = {isa = PBXBuildFile; fileRef = 99AB4E542D91A9E4002D76DA /* data.bundle */; };
		99AF95BF2DA02B2D0067D67C /* PlayerService.swift in Sources */ = {isa = PBXBuildFile; fileRef = 99AF95BE2DA02B280067D67C /* PlayerService.swift */; };
		99AF95C12DA02BEF0067D67C /* PlayerDTO.swift in Sources */ = {isa = PBXBuildFile; fileRef = 99AF95C02DA02BEC0067D67C /* PlayerDTO.swift */; };
		99B36D302D986FCE00111B7C /* ShopViewController.swift in Sources */ = {isa = PBXBuildFile; fileRef = 99B36D2F2D986FCE00111B7C /* ShopViewController.swift */; };
		99B36D322D99990F00111B7C /* BuyableCardDataViewController.swift in Sources */ = {isa = PBXBuildFile; fileRef = 99B36D312D99990F00111B7C /* BuyableCardDataViewController.swift */; };
		99B4EDC22D91DFCF0046259E /* Player.swift in Sources */ = {isa = PBXBuildFile; fileRef = 99B4EDC12D91DFCC0046259E /* Player.swift */; };
		99B4EDC52D91DFFB0046259E /* OwnedCard.swift in Sources */ = {isa = PBXBuildFile; fileRef = 99B4EDC42D91DFF70046259E /* OwnedCard.swift */; };
		99B4EDC82D91E1BA0046259E /* OwnedCardDTO.swift in Sources */ = {isa = PBXBuildFile; fileRef = 99B4EDC72D91E1B40046259E /* OwnedCardDTO.swift */; };
		99B4EDCA2D91E29F0046259E /* OwnedCardService.swift in Sources */ = {isa = PBXBuildFile; fileRef = 99B4EDC92D91E29A0046259E /* OwnedCardService.swift */; };
		99B4EDCC2D91E3040046259E /* IOwnedCardRepository.swift in Sources */ = {isa = PBXBuildFile; fileRef = 99B4EDCB2D91E2FD0046259E /* IOwnedCardRepository.swift */; };
		99B4EDCE2D91E3590046259E /* JsonOwnedCardRepository.swift in Sources */ = {isa = PBXBuildFile; fileRef = 99B4EDCD2D91E3520046259E /* JsonOwnedCardRepository.swift */; };
		99BB76292D95FFE0009C696A /* PikameNavigationViewController.swift in Sources */ = {isa = PBXBuildFile; fileRef = 99BB76272D95FFE0009C696A /* PikameNavigationViewController.swift */; };
		99BB762A2D95FFE0009C696A /* SplashViewController.swift in Sources */ = {isa = PBXBuildFile; fileRef = 99BB76282D95FFE0009C696A /* SplashViewController.swift */; };
		99BB76302D96D931009C696A /* OwnedCardDataViewController.swift in Sources */ = {isa = PBXBuildFile; fileRef = 99BB762F2D96D931009C696A /* OwnedCardDataViewController.swift */; };
		99BB76322D96EBDF009C696A /* CardDTO.swift in Sources */ = {isa = PBXBuildFile; fileRef = 99BB76312D96EBDF009C696A /* CardDTO.swift */; };
/* End PBXBuildFile section */

/* Begin PBXFileReference section */
		0A19C39C2D8C69250042E5F0 /* PIKAME.app */ = {isa = PBXFileReference; explicitFileType = wrapper.application; includeInIndex = 0; path = PIKAME.app; sourceTree = BUILT_PRODUCTS_DIR; };
		0A19C39F2D8C69260042E5F0 /* AppDelegate.swift */ = {isa = PBXFileReference; lastKnownFileType = sourcecode.swift; path = AppDelegate.swift; sourceTree = "<group>"; };
		0A19C3A12D8C69260042E5F0 /* SceneDelegate.swift */ = {isa = PBXFileReference; lastKnownFileType = sourcecode.swift; path = SceneDelegate.swift; sourceTree = "<group>"; };
		0A19C3A62D8C69260042E5F0 /* Base */ = {isa = PBXFileReference; lastKnownFileType = file.storyboard; name = Base; path = Base.lproj/Main.storyboard; sourceTree = "<group>"; };
		0A19C3A82D8C69270042E5F0 /* Assets.xcassets */ = {isa = PBXFileReference; lastKnownFileType = folder.assetcatalog; path = Assets.xcassets; sourceTree = "<group>"; };
		0A19C3AB2D8C69270042E5F0 /* Base */ = {isa = PBXFileReference; lastKnownFileType = file.storyboard; name = Base; path = Base.lproj/LaunchScreen.storyboard; sourceTree = "<group>"; };
		0A19C3AD2D8C69270042E5F0 /* Info.plist */ = {isa = PBXFileReference; lastKnownFileType = text.plist.xml; path = Info.plist; sourceTree = "<group>"; };
		0A19C3B72D8C6C570042E5F0 /* Card.swift */ = {isa = PBXFileReference; lastKnownFileType = sourcecode.swift; path = Card.swift; sourceTree = "<group>"; };
		0A8A152A2DA56039009B57A8 /* OwnedCardViewCell.xib */ = {isa = PBXFileReference; fileEncoding = 4; lastKnownFileType = file.xib; path = OwnedCardViewCell.xib; sourceTree = "<group>"; };
		0A8A152B2DA56039009B57A8 /* OwnedCardViewCell.swift */ = {isa = PBXFileReference; fileEncoding = 4; lastKnownFileType = sourcecode.swift; path = OwnedCardViewCell.swift; sourceTree = "<group>"; };
		0A8A15322DA560A8009B57A8 /* ChooseEquipmentCollectionViewController.swift */ = {isa = PBXFileReference; lastKnownFileType = sourcecode.swift; path = ChooseEquipmentCollectionViewController.swift; sourceTree = "<group>"; };
		0AE439E72D9581150005936C /* CardDecorator.swift */ = {isa = PBXFileReference; lastKnownFileType = sourcecode.swift; path = CardDecorator.swift; sourceTree = "<group>"; };
		0AE439E92D9587400005936C /* Application.swift */ = {isa = PBXFileReference; lastKnownFileType = sourcecode.swift; path = Application.swift; sourceTree = "<group>"; };
		0AE439F72D9594CC0005936C /* OwnedCardsCollectionViewController.swift */ = {isa = PBXFileReference; lastKnownFileType = sourcecode.swift; path = OwnedCardsCollectionViewController.swift; sourceTree = "<group>"; };
		0AE65B822D9BE1E000414A1E /* BoosterViewController.swift */ = {isa = PBXFileReference; lastKnownFileType = sourcecode.swift; path = BoosterViewController.swift; sourceTree = "<group>"; };
		0AE65B842D9BED4100414A1E /* BoosterResultViewController.swift */ = {isa = PBXFileReference; lastKnownFileType = sourcecode.swift; path = BoosterResultViewController.swift; sourceTree = "<group>"; };
		0AE65B862D9BF35D00414A1E /* CardViewCell.swift */ = {isa = PBXFileReference; lastKnownFileType = sourcecode.swift; path = CardViewCell.swift; sourceTree = "<group>"; };
		0AE65B872D9BF35D00414A1E /* CardViewCell.xib */ = {isa = PBXFileReference; lastKnownFileType = file.xib; path = CardViewCell.xib; sourceTree = "<group>"; };
		2D6B87852D9409EC001CEABC /* UICard.swift */ = {isa = PBXFileReference; lastKnownFileType = sourcecode.swift; path = UICard.swift; sourceTree = "<group>"; };
		2D6B87872D9409FE001CEABC /* UICard.xib */ = {isa = PBXFileReference; lastKnownFileType = file.xib; path = UICard.xib; sourceTree = "<group>"; };
		2DBDE18D2D9C0FAA00883FA2 /* InFightViewController.swift */ = {isa = PBXFileReference; lastKnownFileType = sourcecode.swift; path = InFightViewController.swift; sourceTree = "<group>"; };
		2DBDE18F2D9C10BE00883FA2 /* EnemyDTO.swift */ = {isa = PBXFileReference; lastKnownFileType = sourcecode.swift; path = EnemyDTO.swift; sourceTree = "<group>"; };
		993363752D9180AA00C25DB1 /* ICardRepository.swift */ = {isa = PBXFileReference; lastKnownFileType = sourcecode.swift; path = ICardRepository.swift; sourceTree = "<group>"; };
		993363762D9180AA00C25DB1 /* IRepository.swift */ = {isa = PBXFileReference; lastKnownFileType = sourcecode.swift; path = IRepository.swift; sourceTree = "<group>"; };
		9933637C2D91833E00C25DB1 /* JsonCardRepository.swift */ = {isa = PBXFileReference; lastKnownFileType = sourcecode.swift; path = JsonCardRepository.swift; sourceTree = "<group>"; };
		99AB4E4F2D919173002D76DA /* CardService.swift */ = {isa = PBXFileReference; lastKnownFileType = sourcecode.swift; path = CardService.swift; sourceTree = "<group>"; };
		99AB4E542D91A9E4002D76DA /* data.bundle */ = {isa = PBXFileReference; lastKnownFileType = "wrapper.plug-in"; path = data.bundle; sourceTree = "<group>"; };
		99AF95BE2DA02B280067D67C /* PlayerService.swift */ = {isa = PBXFileReference; lastKnownFileType = sourcecode.swift; path = PlayerService.swift; sourceTree = "<group>"; };
		99AF95C02DA02BEC0067D67C /* PlayerDTO.swift */ = {isa = PBXFileReference; lastKnownFileType = sourcecode.swift; path = PlayerDTO.swift; sourceTree = "<group>"; };
		99B36D2F2D986FCE00111B7C /* ShopViewController.swift */ = {isa = PBXFileReference; lastKnownFileType = sourcecode.swift; path = ShopViewController.swift; sourceTree = "<group>"; };
		99B36D312D99990F00111B7C /* BuyableCardDataViewController.swift */ = {isa = PBXFileReference; lastKnownFileType = sourcecode.swift; path = BuyableCardDataViewController.swift; sourceTree = "<group>"; };
		99B4EDC12D91DFCC0046259E /* Player.swift */ = {isa = PBXFileReference; lastKnownFileType = sourcecode.swift; path = Player.swift; sourceTree = "<group>"; };
		99B4EDC42D91DFF70046259E /* OwnedCard.swift */ = {isa = PBXFileReference; lastKnownFileType = sourcecode.swift; path = OwnedCard.swift; sourceTree = "<group>"; };
		99B4EDC72D91E1B40046259E /* OwnedCardDTO.swift */ = {isa = PBXFileReference; lastKnownFileType = sourcecode.swift; path = OwnedCardDTO.swift; sourceTree = "<group>"; };
		99B4EDC92D91E29A0046259E /* OwnedCardService.swift */ = {isa = PBXFileReference; lastKnownFileType = sourcecode.swift; path = OwnedCardService.swift; sourceTree = "<group>"; };
		99B4EDCB2D91E2FD0046259E /* IOwnedCardRepository.swift */ = {isa = PBXFileReference; lastKnownFileType = sourcecode.swift; path = IOwnedCardRepository.swift; sourceTree = "<group>"; };
		99B4EDCD2D91E3520046259E /* JsonOwnedCardRepository.swift */ = {isa = PBXFileReference; lastKnownFileType = sourcecode.swift; path = JsonOwnedCardRepository.swift; sourceTree = "<group>"; };
		99BB76272D95FFE0009C696A /* PikameNavigationViewController.swift */ = {isa = PBXFileReference; lastKnownFileType = sourcecode.swift; path = PikameNavigationViewController.swift; sourceTree = "<group>"; };
		99BB76282D95FFE0009C696A /* SplashViewController.swift */ = {isa = PBXFileReference; lastKnownFileType = sourcecode.swift; path = SplashViewController.swift; sourceTree = "<group>"; };
		99BB762F2D96D931009C696A /* OwnedCardDataViewController.swift */ = {isa = PBXFileReference; lastKnownFileType = sourcecode.swift; path = OwnedCardDataViewController.swift; sourceTree = "<group>"; };
		99BB76312D96EBDF009C696A /* CardDTO.swift */ = {isa = PBXFileReference; lastKnownFileType = sourcecode.swift; path = CardDTO.swift; sourceTree = "<group>"; };
/* End PBXFileReference section */

/* Begin PBXFrameworksBuildPhase section */
		0A19C3992D8C69250042E5F0 /* Frameworks */ = {
			isa = PBXFrameworksBuildPhase;
			buildActionMask = 2147483647;
			files = (
			);
			runOnlyForDeploymentPostprocessing = 0;
		};
/* End PBXFrameworksBuildPhase section */

/* Begin PBXGroup section */
		0A19C3932D8C69250042E5F0 = {
			isa = PBXGroup;
			children = (
				0A19C39E2D8C69260042E5F0 /* PIKAME */,
				0A19C39D2D8C69250042E5F0 /* Products */,
			);
			sourceTree = "<group>";
		};
		0A19C39D2D8C69250042E5F0 /* Products */ = {
			isa = PBXGroup;
			children = (
				0A19C39C2D8C69250042E5F0 /* PIKAME.app */,
			);
			name = Products;
			sourceTree = "<group>";
		};
		0A19C39E2D8C69260042E5F0 /* PIKAME */ = {
			isa = PBXGroup;
			children = (
				0AE439E62D957BB30005936C /* ui */,
				9933637D2D91833E00C25DB1 /* storage */,
				0A19C3B32D8C6B6A0042E5F0 /* domain */,
				0A19C39F2D8C69260042E5F0 /* AppDelegate.swift */,
				0A19C3A12D8C69260042E5F0 /* SceneDelegate.swift */,
				0A19C3A52D8C69260042E5F0 /* Main.storyboard */,
				0A19C3A82D8C69270042E5F0 /* Assets.xcassets */,
				0A19C3AA2D8C69270042E5F0 /* LaunchScreen.storyboard */,
				0A19C3AD2D8C69270042E5F0 /* Info.plist */,
				99AB4E542D91A9E4002D76DA /* data.bundle */,
			);
			path = PIKAME;
			sourceTree = "<group>";
		};
		0A19C3B32D8C6B6A0042E5F0 /* domain */ = {
			isa = PBXGroup;
			children = (
				99AB4E4E2D91916A002D76DA /* service */,
				993363772D9180AA00C25DB1 /* storage */,
				0A19C3B42D8C6BFC0042E5F0 /* entity */,
				0AE439E92D9587400005936C /* Application.swift */,
			);
			path = domain;
			sourceTree = "<group>";
		};
		0A19C3B42D8C6BFC0042E5F0 /* entity */ = {
			isa = PBXGroup;
			children = (
				99B4EDC62D91E1890046259E /* dto */,
				99B4EDC42D91DFF70046259E /* OwnedCard.swift */,
				99B4EDC12D91DFCC0046259E /* Player.swift */,
				0A19C3B72D8C6C570042E5F0 /* Card.swift */,
				0AE439E72D9581150005936C /* CardDecorator.swift */,
			);
			path = entity;
			sourceTree = "<group>";
		};
		0AE439E62D957BB30005936C /* ui */ = {
			isa = PBXGroup;
			children = (
				0A8A152B2DA56039009B57A8 /* OwnedCardViewCell.swift */,
				0A8A152A2DA56039009B57A8 /* OwnedCardViewCell.xib */,
				0AE439EC2D9590F70005936C /* controller */,
				2D6B87852D9409EC001CEABC /* UICard.swift */,
				2D6B87872D9409FE001CEABC /* UICard.xib */,
				0AE65B862D9BF35D00414A1E /* CardViewCell.swift */,
				0AE65B872D9BF35D00414A1E /* CardViewCell.xib */,
			);
			path = ui;
			sourceTree = "<group>";
		};
		0AE439EC2D9590F70005936C /* controller */ = {
			isa = PBXGroup;
			children = (
				99BB76272D95FFE0009C696A /* PikameNavigationViewController.swift */,
				99BB76282D95FFE0009C696A /* SplashViewController.swift */,
				0AE439F72D9594CC0005936C /* OwnedCardsCollectionViewController.swift */,
				99BB762F2D96D931009C696A /* OwnedCardDataViewController.swift */,
				99B36D312D99990F00111B7C /* BuyableCardDataViewController.swift */,
				99B36D2F2D986FCE00111B7C /* ShopViewController.swift */,
				0AE65B822D9BE1E000414A1E /* BoosterViewController.swift */,
				0AE65B842D9BED4100414A1E /* BoosterResultViewController.swift */,
				2DBDE18D2D9C0FAA00883FA2 /* InFightViewController.swift */,
				0A8A15322DA560A8009B57A8 /* ChooseEquipmentCollectionViewController.swift */,
			);
			path = controller;
			sourceTree = "<group>";
		};
		993363772D9180AA00C25DB1 /* storage */ = {
			isa = PBXGroup;
			children = (
				99B4EDCB2D91E2FD0046259E /* IOwnedCardRepository.swift */,
				993363752D9180AA00C25DB1 /* ICardRepository.swift */,
				993363762D9180AA00C25DB1 /* IRepository.swift */,
			);
			path = storage;
			sourceTree = "<group>";
		};
		9933637D2D91833E00C25DB1 /* storage */ = {
			isa = PBXGroup;
			children = (
				99B4EDCD2D91E3520046259E /* JsonOwnedCardRepository.swift */,
				9933637C2D91833E00C25DB1 /* JsonCardRepository.swift */,
			);
			path = storage;
			sourceTree = "<group>";
		};
		99AB4E4E2D91916A002D76DA /* service */ = {
			isa = PBXGroup;
			children = (
				99AF95BE2DA02B280067D67C /* PlayerService.swift */,
				99B4EDC92D91E29A0046259E /* OwnedCardService.swift */,
				99AB4E4F2D919173002D76DA /* CardService.swift */,
			);
			path = service;
			sourceTree = "<group>";
		};
		99B4EDC62D91E1890046259E /* dto */ = {
			isa = PBXGroup;
			children = (
				99AF95C02DA02BEC0067D67C /* PlayerDTO.swift */,
				99BB76312D96EBDF009C696A /* CardDTO.swift */,
				99B4EDC72D91E1B40046259E /* OwnedCardDTO.swift */,
				2DBDE18F2D9C10BE00883FA2 /* EnemyDTO.swift */,
			);
			path = dto;
			sourceTree = "<group>";
		};
/* End PBXGroup section */

/* Begin PBXNativeTarget section */
		0A19C39B2D8C69250042E5F0 /* PIKAME */ = {
			isa = PBXNativeTarget;
			buildConfigurationList = 0A19C3B02D8C69270042E5F0 /* Build configuration list for PBXNativeTarget "PIKAME" */;
			buildPhases = (
				0A19C3982D8C69250042E5F0 /* Sources */,
				0A19C3992D8C69250042E5F0 /* Frameworks */,
				0A19C39A2D8C69250042E5F0 /* Resources */,
			);
			buildRules = (
			);
			dependencies = (
			);
			name = PIKAME;
			productName = PIKAME;
			productReference = 0A19C39C2D8C69250042E5F0 /* PIKAME.app */;
			productType = "com.apple.product-type.application";
		};
/* End PBXNativeTarget section */

/* Begin PBXProject section */
		0A19C3942D8C69250042E5F0 /* Project object */ = {
			isa = PBXProject;
			attributes = {
				BuildIndependentTargetsInParallel = 1;
				LastSwiftUpdateCheck = 1540;
				LastUpgradeCheck = 1540;
				TargetAttributes = {
					0A19C39B2D8C69250042E5F0 = {
						CreatedOnToolsVersion = 15.4;
					};
				};
			};
			buildConfigurationList = 0A19C3972D8C69250042E5F0 /* Build configuration list for PBXProject "PIKAME" */;
			compatibilityVersion = "Xcode 14.0";
			developmentRegion = en;
			hasScannedForEncodings = 0;
			knownRegions = (
				en,
				Base,
			);
			mainGroup = 0A19C3932D8C69250042E5F0;
			productRefGroup = 0A19C39D2D8C69250042E5F0 /* Products */;
			projectDirPath = "";
			projectRoot = "";
			targets = (
				0A19C39B2D8C69250042E5F0 /* PIKAME */,
			);
		};
/* End PBXProject section */

/* Begin PBXResourcesBuildPhase section */
		0A19C39A2D8C69250042E5F0 /* Resources */ = {
			isa = PBXResourcesBuildPhase;
			buildActionMask = 2147483647;
			files = (
				0A19C3A92D8C69270042E5F0 /* Assets.xcassets in Resources */,
				0AE65B892D9BF35D00414A1E /* CardViewCell.xib in Resources */,
				99AB4E552D91A9E4002D76DA /* data.bundle in Resources */,
				0A8A152C2DA56039009B57A8 /* OwnedCardViewCell.xib in Resources */,
				0A19C3AC2D8C69270042E5F0 /* Base in Resources */,
				2D6B87882D9409FE001CEABC /* UICard.xib in Resources */,
				0A19C3A72D8C69260042E5F0 /* Base in Resources */,
			);
			runOnlyForDeploymentPostprocessing = 0;
		};
/* End PBXResourcesBuildPhase section */

/* Begin PBXSourcesBuildPhase section */
		0A19C3982D8C69250042E5F0 /* Sources */ = {
			isa = PBXSourcesBuildPhase;
			buildActionMask = 2147483647;
			files = (
				99BB76302D96D931009C696A /* OwnedCardDataViewController.swift in Sources */,
				99B4EDC52D91DFFB0046259E /* OwnedCard.swift in Sources */,
				0AE439EA2D9587400005936C /* Application.swift in Sources */,
				0A8A152D2DA56039009B57A8 /* OwnedCardViewCell.swift in Sources */,
				993363782D9180AA00C25DB1 /* ICardRepository.swift in Sources */,
				993363792D9180AA00C25DB1 /* IRepository.swift in Sources */,
				99BB76292D95FFE0009C696A /* PikameNavigationViewController.swift in Sources */,
				99AF95BF2DA02B2D0067D67C /* PlayerService.swift in Sources */,
				2DBDE1902D9C10BE00883FA2 /* EnemyDTO.swift in Sources */,
				99BB762A2D95FFE0009C696A /* SplashViewController.swift in Sources */,
				0A19C3A02D8C69260042E5F0 /* AppDelegate.swift in Sources */,
				0A19C3A22D8C69260042E5F0 /* SceneDelegate.swift in Sources */,
				2D6B87862D9409EC001CEABC /* UICard.swift in Sources */,
				99B4EDCA2D91E29F0046259E /* OwnedCardService.swift in Sources */,
				99B4EDCC2D91E3040046259E /* IOwnedCardRepository.swift in Sources */,
				99AF95C12DA02BEF0067D67C /* PlayerDTO.swift in Sources */,
				0AE65B832D9BE1E000414A1E /* BoosterViewController.swift in Sources */,
				9933637F2D91833E00C25DB1 /* JsonCardRepository.swift in Sources */,
				99AB4E502D91917D002D76DA /* CardService.swift in Sources */,
				0AE439E82D9581150005936C /* CardDecorator.swift in Sources */,
				99B36D322D99990F00111B7C /* BuyableCardDataViewController.swift in Sources */,
				99B4EDC22D91DFCF0046259E /* Player.swift in Sources */,
				2DBDE18E2D9C0FAA00883FA2 /* InFightViewController.swift in Sources */,
				99BB76322D96EBDF009C696A /* CardDTO.swift in Sources */,
				0A19C3B82D8C6C570042E5F0 /* Card.swift in Sources */,
				0AE65B882D9BF35D00414A1E /* CardViewCell.swift in Sources */,
				99B36D302D986FCE00111B7C /* ShopViewController.swift in Sources */,
				0A8A15332DA560A8009B57A8 /* ChooseEquipmentCollectionViewController.swift in Sources */,
				99B4EDCE2D91E3590046259E /* JsonOwnedCardRepository.swift in Sources */,
				0AE439F82D9594CC0005936C /* OwnedCardsCollectionViewController.swift in Sources */,
				0AE65B852D9BED4100414A1E /* BoosterResultViewController.swift in Sources */,
				99B4EDC82D91E1BA0046259E /* OwnedCardDTO.swift in Sources */,
			);
			runOnlyForDeploymentPostprocessing = 0;
		};
/* End PBXSourcesBuildPhase section */

/* Begin PBXVariantGroup section */
		0A19C3A52D8C69260042E5F0 /* Main.storyboard */ = {
			isa = PBXVariantGroup;
			children = (
				0A19C3A62D8C69260042E5F0 /* Base */,
			);
			name = Main.storyboard;
			sourceTree = "<group>";
		};
		0A19C3AA2D8C69270042E5F0 /* LaunchScreen.storyboard */ = {
			isa = PBXVariantGroup;
			children = (
				0A19C3AB2D8C69270042E5F0 /* Base */,
			);
			name = LaunchScreen.storyboard;
			sourceTree = "<group>";
		};
/* End PBXVariantGroup section */

/* Begin XCBuildConfiguration section */
		0A19C3AE2D8C69270042E5F0 /* Debug */ = {
			isa = XCBuildConfiguration;
			buildSettings = {
				ALWAYS_SEARCH_USER_PATHS = NO;
				ASSETCATALOG_COMPILER_GENERATE_SWIFT_ASSET_SYMBOL_EXTENSIONS = YES;
				CLANG_ANALYZER_NONNULL = YES;
				CLANG_ANALYZER_NUMBER_OBJECT_CONVERSION = YES_AGGRESSIVE;
				CLANG_CXX_LANGUAGE_STANDARD = "gnu++20";
				CLANG_ENABLE_MODULES = YES;
				CLANG_ENABLE_OBJC_ARC = YES;
				CLANG_ENABLE_OBJC_WEAK = YES;
				CLANG_WARN_BLOCK_CAPTURE_AUTORELEASING = YES;
				CLANG_WARN_BOOL_CONVERSION = YES;
				CLANG_WARN_COMMA = YES;
				CLANG_WARN_CONSTANT_CONVERSION = YES;
				CLANG_WARN_DEPRECATED_OBJC_IMPLEMENTATIONS = YES;
				CLANG_WARN_DIRECT_OBJC_ISA_USAGE = YES_ERROR;
				CLANG_WARN_DOCUMENTATION_COMMENTS = YES;
				CLANG_WARN_EMPTY_BODY = YES;
				CLANG_WARN_ENUM_CONVERSION = YES;
				CLANG_WARN_INFINITE_RECURSION = YES;
				CLANG_WARN_INT_CONVERSION = YES;
				CLANG_WARN_NON_LITERAL_NULL_CONVERSION = YES;
				CLANG_WARN_OBJC_IMPLICIT_RETAIN_SELF = YES;
				CLANG_WARN_OBJC_LITERAL_CONVERSION = YES;
				CLANG_WARN_OBJC_ROOT_CLASS = YES_ERROR;
				CLANG_WARN_QUOTED_INCLUDE_IN_FRAMEWORK_HEADER = YES;
				CLANG_WARN_RANGE_LOOP_ANALYSIS = YES;
				CLANG_WARN_STRICT_PROTOTYPES = YES;
				CLANG_WARN_SUSPICIOUS_MOVE = YES;
				CLANG_WARN_UNGUARDED_AVAILABILITY = YES_AGGRESSIVE;
				CLANG_WARN_UNREACHABLE_CODE = YES;
				CLANG_WARN__DUPLICATE_METHOD_MATCH = YES;
				COPY_PHASE_STRIP = NO;
				DEBUG_INFORMATION_FORMAT = dwarf;
				ENABLE_STRICT_OBJC_MSGSEND = YES;
				ENABLE_TESTABILITY = YES;
				ENABLE_USER_SCRIPT_SANDBOXING = YES;
				GCC_C_LANGUAGE_STANDARD = gnu17;
				GCC_DYNAMIC_NO_PIC = NO;
				GCC_NO_COMMON_BLOCKS = YES;
				GCC_OPTIMIZATION_LEVEL = 0;
				GCC_PREPROCESSOR_DEFINITIONS = (
					"DEBUG=1",
					"$(inherited)",
				);
				GCC_WARN_64_TO_32_BIT_CONVERSION = YES;
				GCC_WARN_ABOUT_RETURN_TYPE = YES_ERROR;
				GCC_WARN_UNDECLARED_SELECTOR = YES;
				GCC_WARN_UNINITIALIZED_AUTOS = YES_AGGRESSIVE;
				GCC_WARN_UNUSED_FUNCTION = YES;
				GCC_WARN_UNUSED_VARIABLE = YES;
				IPHONEOS_DEPLOYMENT_TARGET = 17.5;
				LOCALIZATION_PREFERS_STRING_CATALOGS = YES;
				MTL_ENABLE_DEBUG_INFO = INCLUDE_SOURCE;
				MTL_FAST_MATH = YES;
				ONLY_ACTIVE_ARCH = YES;
				SDKROOT = iphoneos;
				SWIFT_ACTIVE_COMPILATION_CONDITIONS = "DEBUG $(inherited)";
				SWIFT_OPTIMIZATION_LEVEL = "-Onone";
			};
			name = Debug;
		};
		0A19C3AF2D8C69270042E5F0 /* Release */ = {
			isa = XCBuildConfiguration;
			buildSettings = {
				ALWAYS_SEARCH_USER_PATHS = NO;
				ASSETCATALOG_COMPILER_GENERATE_SWIFT_ASSET_SYMBOL_EXTENSIONS = YES;
				CLANG_ANALYZER_NONNULL = YES;
				CLANG_ANALYZER_NUMBER_OBJECT_CONVERSION = YES_AGGRESSIVE;
				CLANG_CXX_LANGUAGE_STANDARD = "gnu++20";
				CLANG_ENABLE_MODULES = YES;
				CLANG_ENABLE_OBJC_ARC = YES;
				CLANG_ENABLE_OBJC_WEAK = YES;
				CLANG_WARN_BLOCK_CAPTURE_AUTORELEASING = YES;
				CLANG_WARN_BOOL_CONVERSION = YES;
				CLANG_WARN_COMMA = YES;
				CLANG_WARN_CONSTANT_CONVERSION = YES;
				CLANG_WARN_DEPRECATED_OBJC_IMPLEMENTATIONS = YES;
				CLANG_WARN_DIRECT_OBJC_ISA_USAGE = YES_ERROR;
				CLANG_WARN_DOCUMENTATION_COMMENTS = YES;
				CLANG_WARN_EMPTY_BODY = YES;
				CLANG_WARN_ENUM_CONVERSION = YES;
				CLANG_WARN_INFINITE_RECURSION = YES;
				CLANG_WARN_INT_CONVERSION = YES;
				CLANG_WARN_NON_LITERAL_NULL_CONVERSION = YES;
				CLANG_WARN_OBJC_IMPLICIT_RETAIN_SELF = YES;
				CLANG_WARN_OBJC_LITERAL_CONVERSION = YES;
				CLANG_WARN_OBJC_ROOT_CLASS = YES_ERROR;
				CLANG_WARN_QUOTED_INCLUDE_IN_FRAMEWORK_HEADER = YES;
				CLANG_WARN_RANGE_LOOP_ANALYSIS = YES;
				CLANG_WARN_STRICT_PROTOTYPES = YES;
				CLANG_WARN_SUSPICIOUS_MOVE = YES;
				CLANG_WARN_UNGUARDED_AVAILABILITY = YES_AGGRESSIVE;
				CLANG_WARN_UNREACHABLE_CODE = YES;
				CLANG_WARN__DUPLICATE_METHOD_MATCH = YES;
				COPY_PHASE_STRIP = NO;
				DEBUG_INFORMATION_FORMAT = "dwarf-with-dsym";
				ENABLE_NS_ASSERTIONS = NO;
				ENABLE_STRICT_OBJC_MSGSEND = YES;
				ENABLE_USER_SCRIPT_SANDBOXING = YES;
				GCC_C_LANGUAGE_STANDARD = gnu17;
				GCC_NO_COMMON_BLOCKS = YES;
				GCC_WARN_64_TO_32_BIT_CONVERSION = YES;
				GCC_WARN_ABOUT_RETURN_TYPE = YES_ERROR;
				GCC_WARN_UNDECLARED_SELECTOR = YES;
				GCC_WARN_UNINITIALIZED_AUTOS = YES_AGGRESSIVE;
				GCC_WARN_UNUSED_FUNCTION = YES;
				GCC_WARN_UNUSED_VARIABLE = YES;
				IPHONEOS_DEPLOYMENT_TARGET = 17.5;
				LOCALIZATION_PREFERS_STRING_CATALOGS = YES;
				MTL_ENABLE_DEBUG_INFO = NO;
				MTL_FAST_MATH = YES;
				SDKROOT = iphoneos;
				SWIFT_COMPILATION_MODE = wholemodule;
				VALIDATE_PRODUCT = YES;
			};
			name = Release;
		};
		0A19C3B12D8C69270042E5F0 /* Debug */ = {
			isa = XCBuildConfiguration;
			buildSettings = {
				ASSETCATALOG_COMPILER_APPICON_NAME = AppIcon;
				ASSETCATALOG_COMPILER_GLOBAL_ACCENT_COLOR_NAME = AccentColor;
				CODE_SIGN_STYLE = Automatic;
				CURRENT_PROJECT_VERSION = 1;
				GENERATE_INFOPLIST_FILE = YES;
				INFOPLIST_FILE = PIKAME/Info.plist;
				INFOPLIST_KEY_CFBundleDisplayName = PIKAME;
				INFOPLIST_KEY_LSApplicationCategoryType = "public.app-category.games";
				INFOPLIST_KEY_UIApplicationSupportsIndirectInputEvents = YES;
				INFOPLIST_KEY_UILaunchStoryboardName = LaunchScreen;
				INFOPLIST_KEY_UIMainStoryboardFile = Main;
				INFOPLIST_KEY_UISupportedInterfaceOrientations_iPad = "UIInterfaceOrientationPortrait UIInterfaceOrientationPortraitUpsideDown UIInterfaceOrientationLandscapeLeft UIInterfaceOrientationLandscapeRight";
				INFOPLIST_KEY_UISupportedInterfaceOrientations_iPhone = "UIInterfaceOrientationPortrait UIInterfaceOrientationLandscapeLeft UIInterfaceOrientationLandscapeRight";
				IPHONEOS_DEPLOYMENT_TARGET = 17.5;
				LD_RUNPATH_SEARCH_PATHS = (
					"$(inherited)",
					"@executable_path/Frameworks",
				);
				MARKETING_VERSION = 1.0;
				PRODUCT_BUNDLE_IDENTIFIER = fr.lesgoats.PIKAME;
				PRODUCT_NAME = "$(TARGET_NAME)";
				SWIFT_EMIT_LOC_STRINGS = YES;
				SWIFT_VERSION = 5.0;
				TARGETED_DEVICE_FAMILY = "1,2";
			};
			name = Debug;
		};
		0A19C3B22D8C69270042E5F0 /* Release */ = {
			isa = XCBuildConfiguration;
			buildSettings = {
				ASSETCATALOG_COMPILER_APPICON_NAME = AppIcon;
				ASSETCATALOG_COMPILER_GLOBAL_ACCENT_COLOR_NAME = AccentColor;
				CODE_SIGN_STYLE = Automatic;
				CURRENT_PROJECT_VERSION = 1;
				GENERATE_INFOPLIST_FILE = YES;
				INFOPLIST_FILE = PIKAME/Info.plist;
				INFOPLIST_KEY_CFBundleDisplayName = PIKAME;
				INFOPLIST_KEY_LSApplicationCategoryType = "public.app-category.games";
				INFOPLIST_KEY_UIApplicationSupportsIndirectInputEvents = YES;
				INFOPLIST_KEY_UILaunchStoryboardName = LaunchScreen;
				INFOPLIST_KEY_UIMainStoryboardFile = Main;
				INFOPLIST_KEY_UISupportedInterfaceOrientations_iPad = "UIInterfaceOrientationPortrait UIInterfaceOrientationPortraitUpsideDown UIInterfaceOrientationLandscapeLeft UIInterfaceOrientationLandscapeRight";
				INFOPLIST_KEY_UISupportedInterfaceOrientations_iPhone = "UIInterfaceOrientationPortrait UIInterfaceOrientationLandscapeLeft UIInterfaceOrientationLandscapeRight";
				IPHONEOS_DEPLOYMENT_TARGET = 17.5;
				LD_RUNPATH_SEARCH_PATHS = (
					"$(inherited)",
					"@executable_path/Frameworks",
				);
				MARKETING_VERSION = 1.0;
				PRODUCT_BUNDLE_IDENTIFIER = fr.lesgoats.PIKAME;
				PRODUCT_NAME = "$(TARGET_NAME)";
				SWIFT_EMIT_LOC_STRINGS = YES;
				SWIFT_VERSION = 5.0;
				TARGETED_DEVICE_FAMILY = "1,2";
			};
			name = Release;
		};
/* End XCBuildConfiguration section */

/* Begin XCConfigurationList section */
		0A19C3972D8C69250042E5F0 /* Build configuration list for PBXProject "PIKAME" */ = {
			isa = XCConfigurationList;
			buildConfigurations = (
				0A19C3AE2D8C69270042E5F0 /* Debug */,
				0A19C3AF2D8C69270042E5F0 /* Release */,
			);
			defaultConfigurationIsVisible = 0;
			defaultConfigurationName = Release;
		};
		0A19C3B02D8C69270042E5F0 /* Build configuration list for PBXNativeTarget "PIKAME" */ = {
			isa = XCConfigurationList;
			buildConfigurations = (
				0A19C3B12D8C69270042E5F0 /* Debug */,
				0A19C3B22D8C69270042E5F0 /* Release */,
			);
			defaultConfigurationIsVisible = 0;
			defaultConfigurationName = Release;
		};
/* End XCConfigurationList section */
	};
	rootObject = 0A19C3942D8C69250042E5F0 /* Project object */;
}
